// !$*UTF8*$!
{
	archiveVersion = 1;
	classes = {
	};
	objectVersion = 46;
	objects = {

/* Begin PBXBuildFile section */
		140E3E121C161B0900B1DDE9 /* BlpHousingArrayManager.swift in Sources */ = {isa = PBXBuildFile; fileRef = 140E3E111C161B0900B1DDE9 /* BlpHousingArrayManager.swift */; };
		141373721BFFB7DB00678C5F /* BlpUser.swift in Sources */ = {isa = PBXBuildFile; fileRef = 141373711BFFB7DB00678C5F /* BlpUser.swift */; };
		141373741BFFBA9A00678C5F /* BlpTableViewCell.swift in Sources */ = {isa = PBXBuildFile; fileRef = 141373731BFFBA9A00678C5F /* BlpTableViewCell.swift */; };
		141373761BFFBCB900678C5F /* BlpTableViewController.swift in Sources */ = {isa = PBXBuildFile; fileRef = 141373751BFFBCB900678C5F /* BlpTableViewController.swift */; };
		144C1CE21BFBDC180006D509 /* DataManager.swift in Sources */ = {isa = PBXBuildFile; fileRef = 144C1CE01BFBDC180006D509 /* DataManager.swift */; };
		1491098D1C0CAB6F00511526 /* HousingUser.swift in Sources */ = {isa = PBXBuildFile; fileRef = 1491098C1C0CAB6F00511526 /* HousingUser.swift */; };
		1491098F1C0CADD100511526 /* BlpHousingViewController.swift in Sources */ = {isa = PBXBuildFile; fileRef = 1491098E1C0CADD100511526 /* BlpHousingViewController.swift */; };
		14C68C261C03C00C001A8D5C /* SurveyViewController.swift in Sources */ = {isa = PBXBuildFile; fileRef = 14C68C251C03C00C001A8D5C /* SurveyViewController.swift */; };
		14C68C281C03C133001A8D5C /* editMyHousing.swift in Sources */ = {isa = PBXBuildFile; fileRef = 14C68C271C03C133001A8D5C /* editMyHousing.swift */; };
		14D450531C03EE0D002ECC4A /* viewMyHousingProfile.swift in Sources */ = {isa = PBXBuildFile; fileRef = 14D450521C03EE0D002ECC4A /* viewMyHousingProfile.swift */; };
		14D450591C0409DA002ECC4A /* Blp Profile Pictures in Resources */ = {isa = PBXBuildFile; fileRef = 14D450581C0409DA002ECC4A /* Blp Profile Pictures */; };
		14EC53161C1750FC00473ADE /* SaveInformation.swift in Sources */ = {isa = PBXBuildFile; fileRef = 14EC53151C1750FC00473ADE /* SaveInformation.swift */; settings = {ASSET_TAGS = (); }; };
		14EFA5EF1C1B17F60067B483 /* Bolts.framework in Frameworks */ = {isa = PBXBuildFile; fileRef = 14EFA5EE1C1B17F60067B483 /* Bolts.framework */; settings = {ASSET_TAGS = (); }; };
		14EFA5F11C1B17FD0067B483 /* Parse.framework in Frameworks */ = {isa = PBXBuildFile; fileRef = 14EFA5F01C1B17FD0067B483 /* Parse.framework */; settings = {ASSET_TAGS = (); }; };
		14EFA5F31C1B18250067B483 /* AudioToolbox.framework in Frameworks */ = {isa = PBXBuildFile; fileRef = 14EFA5F21C1B18250067B483 /* AudioToolbox.framework */; };
		14EFA5F51C1B182D0067B483 /* CFNetwork.framework in Frameworks */ = {isa = PBXBuildFile; fileRef = 14EFA5F41C1B182D0067B483 /* CFNetwork.framework */; };
		14EFA5F71C1B18360067B483 /* CoreGraphics.framework in Frameworks */ = {isa = PBXBuildFile; fileRef = 14EFA5F61C1B18360067B483 /* CoreGraphics.framework */; };
		14EFA5F91C1B18400067B483 /* CoreLocation.framework in Frameworks */ = {isa = PBXBuildFile; fileRef = 14EFA5F81C1B18400067B483 /* CoreLocation.framework */; };
		14EFA5FB1C1B18490067B483 /* QuartzCore.framework in Frameworks */ = {isa = PBXBuildFile; fileRef = 14EFA5FA1C1B18490067B483 /* QuartzCore.framework */; };
		14EFA5FD1C1B18520067B483 /* Security.framework in Frameworks */ = {isa = PBXBuildFile; fileRef = 14EFA5FC1C1B18520067B483 /* Security.framework */; };
		14EFA5FF1C1B185A0067B483 /* StoreKit.framework in Frameworks */ = {isa = PBXBuildFile; fileRef = 14EFA5FE1C1B185A0067B483 /* StoreKit.framework */; };
		14EFA6011C1B18650067B483 /* SystemConfiguration.framework in Frameworks */ = {isa = PBXBuildFile; fileRef = 14EFA6001C1B18650067B483 /* SystemConfiguration.framework */; };
		14EFA6031C1B18700067B483 /* libz.tbd in Frameworks */ = {isa = PBXBuildFile; fileRef = 14EFA6021C1B18700067B483 /* libz.tbd */; };
		14EFA6051C1B187E0067B483 /* libsqlite3.tbd in Frameworks */ = {isa = PBXBuildFile; fileRef = 14EFA6041C1B187E0067B483 /* libsqlite3.tbd */; };
		35A8EAD11C16542B0082AC17 /* PickerViewContainer.swift in Sources */ = {isa = PBXBuildFile; fileRef = 35A8EAD01C16542B0082AC17 /* PickerViewContainer.swift */; };
		35A8EAD31C168D900082AC17 /* FAQCell.swift in Sources */ = {isa = PBXBuildFile; fileRef = 35A8EAD21C168D900082AC17 /* FAQCell.swift */; };
		35A8EAD51C1693280082AC17 /* AnswerView.swift in Sources */ = {isa = PBXBuildFile; fileRef = 35A8EAD41C1693280082AC17 /* AnswerView.swift */; };
		35E45A6E1C15E64500B64D50 /* BlpArrayManager.swift in Sources */ = {isa = PBXBuildFile; fileRef = 35E45A6D1C15E64500B64D50 /* BlpArrayManager.swift */; };
		35F7587B1C173BE3006701DE /* UIColor+Synchrony.swift in Sources */ = {isa = PBXBuildFile; fileRef = 35F7587A1C173BE3006701DE /* UIColor+Synchrony.swift */; };
		65CF9B731BF14F4E0085B446 /* AppDelegate.swift in Sources */ = {isa = PBXBuildFile; fileRef = 65CF9B721BF14F4E0085B446 /* AppDelegate.swift */; };
		65CF9B751BF14F4E0085B446 /* FAQViewController.swift in Sources */ = {isa = PBXBuildFile; fileRef = 65CF9B741BF14F4E0085B446 /* FAQViewController.swift */; };
		65CF9B771BF14F4E0085B446 /* viewSpecificBlp.swift in Sources */ = {isa = PBXBuildFile; fileRef = 65CF9B761BF14F4E0085B446 /* viewSpecificBlp.swift */; };
		65CF9B7A1BF14F4E0085B446 /* Main.storyboard in Resources */ = {isa = PBXBuildFile; fileRef = 65CF9B781BF14F4E0085B446 /* Main.storyboard */; };
		65CF9B7C1BF14F4E0085B446 /* Assets.xcassets in Resources */ = {isa = PBXBuildFile; fileRef = 65CF9B7B1BF14F4E0085B446 /* Assets.xcassets */; };
		65CF9B7F1BF14F4E0085B446 /* LaunchScreen.storyboard in Resources */ = {isa = PBXBuildFile; fileRef = 65CF9B7D1BF14F4E0085B446 /* LaunchScreen.storyboard */; };
		65CF9B8A1BF14F4E0085B446 /* PowerRangersTests.swift in Sources */ = {isa = PBXBuildFile; fileRef = 65CF9B891BF14F4E0085B446 /* PowerRangersTests.swift */; };
		65CF9B951BF14F4E0085B446 /* PowerRangersUITests.swift in Sources */ = {isa = PBXBuildFile; fileRef = 65CF9B941BF14F4E0085B446 /* PowerRangersUITests.swift */; };
		96DD10F61C04025E009A35FE /* ViewMyProfile.swift in Sources */ = {isa = PBXBuildFile; fileRef = 96DD10F51C04025E009A35FE /* ViewMyProfile.swift */; };
		DB8A9B8C1C041AA2008E0B66 /* editMyProfile.swift in Sources */ = {isa = PBXBuildFile; fileRef = DB8A9B8B1C041AA2008E0B66 /* editMyProfile.swift */; };
/* End PBXBuildFile section */

/* Begin PBXContainerItemProxy section */
		65CF9B861BF14F4E0085B446 /* PBXContainerItemProxy */ = {
			isa = PBXContainerItemProxy;
			containerPortal = 65CF9B671BF14F4E0085B446 /* Project object */;
			proxyType = 1;
			remoteGlobalIDString = 65CF9B6E1BF14F4E0085B446;
			remoteInfo = PowerRangers;
		};
		65CF9B911BF14F4E0085B446 /* PBXContainerItemProxy */ = {
			isa = PBXContainerItemProxy;
			containerPortal = 65CF9B671BF14F4E0085B446 /* Project object */;
			proxyType = 1;
			remoteGlobalIDString = 65CF9B6E1BF14F4E0085B446;
			remoteInfo = PowerRangers;
		};
/* End PBXContainerItemProxy section */

/* Begin PBXFileReference section */
		140E3E111C161B0900B1DDE9 /* BlpHousingArrayManager.swift */ = {isa = PBXFileReference; fileEncoding = 4; lastKnownFileType = sourcecode.swift; path = BlpHousingArrayManager.swift; sourceTree = "<group>"; };
		141373711BFFB7DB00678C5F /* BlpUser.swift */ = {isa = PBXFileReference; fileEncoding = 4; lastKnownFileType = sourcecode.swift; path = BlpUser.swift; sourceTree = "<group>"; };
		141373731BFFBA9A00678C5F /* BlpTableViewCell.swift */ = {isa = PBXFileReference; fileEncoding = 4; lastKnownFileType = sourcecode.swift; path = BlpTableViewCell.swift; sourceTree = "<group>"; };
		141373751BFFBCB900678C5F /* BlpTableViewController.swift */ = {isa = PBXFileReference; fileEncoding = 4; lastKnownFileType = sourcecode.swift; path = BlpTableViewController.swift; sourceTree = "<group>"; };
		144C1CE01BFBDC180006D509 /* DataManager.swift */ = {isa = PBXFileReference; fileEncoding = 4; lastKnownFileType = sourcecode.swift; path = DataManager.swift; sourceTree = "<group>"; };
		1491098C1C0CAB6F00511526 /* HousingUser.swift */ = {isa = PBXFileReference; fileEncoding = 4; lastKnownFileType = sourcecode.swift; path = HousingUser.swift; sourceTree = "<group>"; };
		1491098E1C0CADD100511526 /* BlpHousingViewController.swift */ = {isa = PBXFileReference; fileEncoding = 4; lastKnownFileType = sourcecode.swift; path = BlpHousingViewController.swift; sourceTree = "<group>"; };
		14C68C251C03C00C001A8D5C /* SurveyViewController.swift */ = {isa = PBXFileReference; fileEncoding = 4; lastKnownFileType = sourcecode.swift; path = SurveyViewController.swift; sourceTree = "<group>"; };
		14C68C271C03C133001A8D5C /* editMyHousing.swift */ = {isa = PBXFileReference; fileEncoding = 4; lastKnownFileType = sourcecode.swift; path = editMyHousing.swift; sourceTree = "<group>"; };
		14D450521C03EE0D002ECC4A /* viewMyHousingProfile.swift */ = {isa = PBXFileReference; fileEncoding = 4; lastKnownFileType = sourcecode.swift; path = viewMyHousingProfile.swift; sourceTree = "<group>"; };
		14D450581C0409DA002ECC4A /* Blp Profile Pictures */ = {isa = PBXFileReference; lastKnownFileType = folder; path = "Blp Profile Pictures"; sourceTree = "<group>"; };
		14EC53151C1750FC00473ADE /* SaveInformation.swift */ = {isa = PBXFileReference; fileEncoding = 4; lastKnownFileType = sourcecode.swift; path = SaveInformation.swift; sourceTree = "<group>"; };
		14EFA5EE1C1B17F60067B483 /* Bolts.framework */ = {isa = PBXFileReference; lastKnownFileType = wrapper.framework; path = Bolts.framework; sourceTree = "<group>"; };
		14EFA5F01C1B17FD0067B483 /* Parse.framework */ = {isa = PBXFileReference; lastKnownFileType = wrapper.framework; path = Parse.framework; sourceTree = "<group>"; };
		14EFA5F21C1B18250067B483 /* AudioToolbox.framework */ = {isa = PBXFileReference; lastKnownFileType = wrapper.framework; name = AudioToolbox.framework; path = System/Library/Frameworks/AudioToolbox.framework; sourceTree = SDKROOT; };
		14EFA5F41C1B182D0067B483 /* CFNetwork.framework */ = {isa = PBXFileReference; lastKnownFileType = wrapper.framework; name = CFNetwork.framework; path = System/Library/Frameworks/CFNetwork.framework; sourceTree = SDKROOT; };
		14EFA5F61C1B18360067B483 /* CoreGraphics.framework */ = {isa = PBXFileReference; lastKnownFileType = wrapper.framework; name = CoreGraphics.framework; path = System/Library/Frameworks/CoreGraphics.framework; sourceTree = SDKROOT; };
		14EFA5F81C1B18400067B483 /* CoreLocation.framework */ = {isa = PBXFileReference; lastKnownFileType = wrapper.framework; name = CoreLocation.framework; path = System/Library/Frameworks/CoreLocation.framework; sourceTree = SDKROOT; };
		14EFA5FA1C1B18490067B483 /* QuartzCore.framework */ = {isa = PBXFileReference; lastKnownFileType = wrapper.framework; name = QuartzCore.framework; path = System/Library/Frameworks/QuartzCore.framework; sourceTree = SDKROOT; };
		14EFA5FC1C1B18520067B483 /* Security.framework */ = {isa = PBXFileReference; lastKnownFileType = wrapper.framework; name = Security.framework; path = System/Library/Frameworks/Security.framework; sourceTree = SDKROOT; };
		14EFA5FE1C1B185A0067B483 /* StoreKit.framework */ = {isa = PBXFileReference; lastKnownFileType = wrapper.framework; name = StoreKit.framework; path = System/Library/Frameworks/StoreKit.framework; sourceTree = SDKROOT; };
		14EFA6001C1B18650067B483 /* SystemConfiguration.framework */ = {isa = PBXFileReference; lastKnownFileType = wrapper.framework; name = SystemConfiguration.framework; path = System/Library/Frameworks/SystemConfiguration.framework; sourceTree = SDKROOT; };
		14EFA6021C1B18700067B483 /* libz.tbd */ = {isa = PBXFileReference; lastKnownFileType = "sourcecode.text-based-dylib-definition"; name = libz.tbd; path = usr/lib/libz.tbd; sourceTree = SDKROOT; };
		14EFA6041C1B187E0067B483 /* libsqlite3.tbd */ = {isa = PBXFileReference; lastKnownFileType = "sourcecode.text-based-dylib-definition"; name = libsqlite3.tbd; path = usr/lib/libsqlite3.tbd; sourceTree = SDKROOT; };
		35A8EAD01C16542B0082AC17 /* PickerViewContainer.swift */ = {isa = PBXFileReference; fileEncoding = 4; lastKnownFileType = sourcecode.swift; path = PickerViewContainer.swift; sourceTree = "<group>"; };
		35A8EAD21C168D900082AC17 /* FAQCell.swift */ = {isa = PBXFileReference; fileEncoding = 4; lastKnownFileType = sourcecode.swift; path = FAQCell.swift; sourceTree = "<group>"; };
		35A8EAD41C1693280082AC17 /* AnswerView.swift */ = {isa = PBXFileReference; fileEncoding = 4; lastKnownFileType = sourcecode.swift; path = AnswerView.swift; sourceTree = "<group>"; };
		35E45A6D1C15E64500B64D50 /* BlpArrayManager.swift */ = {isa = PBXFileReference; fileEncoding = 4; lastKnownFileType = sourcecode.swift; path = BlpArrayManager.swift; sourceTree = "<group>"; };
		35F7587A1C173BE3006701DE /* UIColor+Synchrony.swift */ = {isa = PBXFileReference; fileEncoding = 4; lastKnownFileType = sourcecode.swift; path = "UIColor+Synchrony.swift"; sourceTree = "<group>"; };
		65CF9B6F1BF14F4E0085B446 /* PowerRangers.app */ = {isa = PBXFileReference; explicitFileType = wrapper.application; includeInIndex = 0; path = PowerRangers.app; sourceTree = BUILT_PRODUCTS_DIR; };
		65CF9B721BF14F4E0085B446 /* AppDelegate.swift */ = {isa = PBXFileReference; lastKnownFileType = sourcecode.swift; path = AppDelegate.swift; sourceTree = "<group>"; };
		65CF9B741BF14F4E0085B446 /* FAQViewController.swift */ = {isa = PBXFileReference; lastKnownFileType = sourcecode.swift; path = FAQViewController.swift; sourceTree = "<group>"; };
		65CF9B761BF14F4E0085B446 /* viewSpecificBlp.swift */ = {isa = PBXFileReference; lastKnownFileType = sourcecode.swift; path = viewSpecificBlp.swift; sourceTree = "<group>"; };
		65CF9B791BF14F4E0085B446 /* Base */ = {isa = PBXFileReference; lastKnownFileType = file.storyboard; name = Base; path = Base.lproj/Main.storyboard; sourceTree = "<group>"; };
		65CF9B7B1BF14F4E0085B446 /* Assets.xcassets */ = {isa = PBXFileReference; lastKnownFileType = folder.assetcatalog; path = Assets.xcassets; sourceTree = "<group>"; };
		65CF9B7E1BF14F4E0085B446 /* Base */ = {isa = PBXFileReference; lastKnownFileType = file.storyboard; name = Base; path = Base.lproj/LaunchScreen.storyboard; sourceTree = "<group>"; };
		65CF9B801BF14F4E0085B446 /* Info.plist */ = {isa = PBXFileReference; lastKnownFileType = text.plist.xml; path = Info.plist; sourceTree = "<group>"; };
		65CF9B851BF14F4E0085B446 /* PowerRangersTests.xctest */ = {isa = PBXFileReference; explicitFileType = wrapper.cfbundle; includeInIndex = 0; path = PowerRangersTests.xctest; sourceTree = BUILT_PRODUCTS_DIR; };
		65CF9B891BF14F4E0085B446 /* PowerRangersTests.swift */ = {isa = PBXFileReference; lastKnownFileType = sourcecode.swift; path = PowerRangersTests.swift; sourceTree = "<group>"; };
		65CF9B8B1BF14F4E0085B446 /* Info.plist */ = {isa = PBXFileReference; lastKnownFileType = text.plist.xml; path = Info.plist; sourceTree = "<group>"; };
		65CF9B901BF14F4E0085B446 /* PowerRangersUITests.xctest */ = {isa = PBXFileReference; explicitFileType = wrapper.cfbundle; includeInIndex = 0; path = PowerRangersUITests.xctest; sourceTree = BUILT_PRODUCTS_DIR; };
		65CF9B941BF14F4E0085B446 /* PowerRangersUITests.swift */ = {isa = PBXFileReference; lastKnownFileType = sourcecode.swift; path = PowerRangersUITests.swift; sourceTree = "<group>"; };
		65CF9B961BF14F4E0085B446 /* Info.plist */ = {isa = PBXFileReference; lastKnownFileType = text.plist.xml; path = Info.plist; sourceTree = "<group>"; };
		96DD10F51C04025E009A35FE /* ViewMyProfile.swift */ = {isa = PBXFileReference; fileEncoding = 4; lastKnownFileType = sourcecode.swift; path = ViewMyProfile.swift; sourceTree = "<group>"; };
		DB8A9B8B1C041AA2008E0B66 /* editMyProfile.swift */ = {isa = PBXFileReference; fileEncoding = 4; lastKnownFileType = sourcecode.swift; path = editMyProfile.swift; sourceTree = "<group>"; };
/* End PBXFileReference section */

/* Begin PBXFrameworksBuildPhase section */
		65CF9B6C1BF14F4E0085B446 /* Frameworks */ = {
			isa = PBXFrameworksBuildPhase;
			buildActionMask = 2147483647;
			files = (
				14EFA6051C1B187E0067B483 /* libsqlite3.tbd in Frameworks */,
				14EFA6031C1B18700067B483 /* libz.tbd in Frameworks */,
				14EFA6011C1B18650067B483 /* SystemConfiguration.framework in Frameworks */,
				14EFA5FF1C1B185A0067B483 /* StoreKit.framework in Frameworks */,
				14EFA5FD1C1B18520067B483 /* Security.framework in Frameworks */,
				14EFA5FB1C1B18490067B483 /* QuartzCore.framework in Frameworks */,
				14EFA5F91C1B18400067B483 /* CoreLocation.framework in Frameworks */,
				14EFA5F71C1B18360067B483 /* CoreGraphics.framework in Frameworks */,
				14EFA5F51C1B182D0067B483 /* CFNetwork.framework in Frameworks */,
				14EFA5F31C1B18250067B483 /* AudioToolbox.framework in Frameworks */,
				14EFA5F11C1B17FD0067B483 /* Parse.framework in Frameworks */,
				14EFA5EF1C1B17F60067B483 /* Bolts.framework in Frameworks */,
			);
			runOnlyForDeploymentPostprocessing = 0;
		};
		65CF9B821BF14F4E0085B446 /* Frameworks */ = {
			isa = PBXFrameworksBuildPhase;
			buildActionMask = 2147483647;
			files = (
			);
			runOnlyForDeploymentPostprocessing = 0;
		};
		65CF9B8D1BF14F4E0085B446 /* Frameworks */ = {
			isa = PBXFrameworksBuildPhase;
			buildActionMask = 2147483647;
			files = (
			);
			runOnlyForDeploymentPostprocessing = 0;
		};
/* End PBXFrameworksBuildPhase section */

/* Begin PBXGroup section */
		14EFA5ED1C1B17E00067B483 /* Frameworks */ = {
			isa = PBXGroup;
			children = (
				14EFA6041C1B187E0067B483 /* libsqlite3.tbd */,
				14EFA6021C1B18700067B483 /* libz.tbd */,
				14EFA6001C1B18650067B483 /* SystemConfiguration.framework */,
				14EFA5FE1C1B185A0067B483 /* StoreKit.framework */,
				14EFA5FC1C1B18520067B483 /* Security.framework */,
				14EFA5FA1C1B18490067B483 /* QuartzCore.framework */,
				14EFA5F81C1B18400067B483 /* CoreLocation.framework */,
				14EFA5F61C1B18360067B483 /* CoreGraphics.framework */,
				14EFA5F41C1B182D0067B483 /* CFNetwork.framework */,
				14EFA5F21C1B18250067B483 /* AudioToolbox.framework */,
				14EFA5F01C1B17FD0067B483 /* Parse.framework */,
				14EFA5EE1C1B17F60067B483 /* Bolts.framework */,
			);
			name = Frameworks;
			path = PowerRangersTests;
			sourceTree = "<group>";
		};
		35A8EACB1C15ED9C0082AC17 /* Json */ = {
			isa = PBXGroup;
			children = (
			);
			name = Json;
			sourceTree = "<group>";
		};
		35A8EACC1C15EDBC0082AC17 /* Blp */ = {
			isa = PBXGroup;
			children = (
				1491098C1C0CAB6F00511526 /* HousingUser.swift */,
				141373711BFFB7DB00678C5F /* BlpUser.swift */,
				35E45A6D1C15E64500B64D50 /* BlpArrayManager.swift */,
				140E3E111C161B0900B1DDE9 /* BlpHousingArrayManager.swift */,
			);
			name = Blp;
			sourceTree = "<group>";
		};
		35A8EACD1C15EE250082AC17 /* Vcs */ = {
			isa = PBXGroup;
			children = (
				141373751BFFBCB900678C5F /* BlpTableViewController.swift */,
				65CF9B741BF14F4E0085B446 /* FAQViewController.swift */,
				14C68C251C03C00C001A8D5C /* SurveyViewController.swift */,
				14C68C271C03C133001A8D5C /* editMyHousing.swift */,
				14D450521C03EE0D002ECC4A /* viewMyHousingProfile.swift */,
				DB8A9B8B1C041AA2008E0B66 /* editMyProfile.swift */,
				96DD10F51C04025E009A35FE /* ViewMyProfile.swift */,
				65CF9B761BF14F4E0085B446 /* viewSpecificBlp.swift */,
				1491098E1C0CADD100511526 /* BlpHousingViewController.swift */,
			);
			name = Vcs;
			sourceTree = "<group>";
		};
		35A8EACE1C15EE580082AC17 /* Cell */ = {
			isa = PBXGroup;
			children = (
				141373731BFFBA9A00678C5F /* BlpTableViewCell.swift */,
				35A8EAD21C168D900082AC17 /* FAQCell.swift */,
			);
			name = Cell;
			sourceTree = "<group>";
		};
		35A8EACF1C1654110082AC17 /* view */ = {
			isa = PBXGroup;
			children = (
				35A8EAD01C16542B0082AC17 /* PickerViewContainer.swift */,
				35A8EAD41C1693280082AC17 /* AnswerView.swift */,
			);
			name = view;
			sourceTree = "<group>";
		};
		65CF9B661BF14F4E0085B446 = {
			isa = PBXGroup;
			children = (
				65CF9B711BF14F4E0085B446 /* PowerRangers */,
				14EFA5ED1C1B17E00067B483 /* Frameworks */,
				65CF9B881BF14F4E0085B446 /* PowerRangersTests */,
				65CF9B931BF14F4E0085B446 /* PowerRangersUITests */,
				65CF9B701BF14F4E0085B446 /* Products */,
			);
			sourceTree = "<group>";
		};
		65CF9B701BF14F4E0085B446 /* Products */ = {
			isa = PBXGroup;
			children = (
				65CF9B6F1BF14F4E0085B446 /* PowerRangers.app */,
				65CF9B851BF14F4E0085B446 /* PowerRangersTests.xctest */,
				65CF9B901BF14F4E0085B446 /* PowerRangersUITests.xctest */,
			);
			name = Products;
			sourceTree = "<group>";
		};
		65CF9B711BF14F4E0085B446 /* PowerRangers */ = {
			isa = PBXGroup;
			children = (
				65CF9B721BF14F4E0085B446 /* AppDelegate.swift */,
				144C1CE01BFBDC180006D509 /* DataManager.swift */,
				14EC53151C1750FC00473ADE /* SaveInformation.swift */,
				35F7587A1C173BE3006701DE /* UIColor+Synchrony.swift */,
				35A8EACF1C1654110082AC17 /* view */,
				35A8EACE1C15EE580082AC17 /* Cell */,
				35A8EACB1C15ED9C0082AC17 /* Json */,
				35A8EACC1C15EDBC0082AC17 /* Blp */,
				35A8EACD1C15EE250082AC17 /* Vcs */,
				65CF9B781BF14F4E0085B446 /* Main.storyboard */,
				65CF9B7B1BF14F4E0085B446 /* Assets.xcassets */,
				65CF9B7D1BF14F4E0085B446 /* LaunchScreen.storyboard */,
				65CF9B801BF14F4E0085B446 /* Info.plist */,
				14D450581C0409DA002ECC4A /* Blp Profile Pictures */,
			);
			path = PowerRangers;
			sourceTree = "<group>";
		};
		65CF9B881BF14F4E0085B446 /* PowerRangersTests */ = {
			isa = PBXGroup;
			children = (
				65CF9B891BF14F4E0085B446 /* PowerRangersTests.swift */,
				65CF9B8B1BF14F4E0085B446 /* Info.plist */,
			);
			path = PowerRangersTests;
			sourceTree = "<group>";
		};
		65CF9B931BF14F4E0085B446 /* PowerRangersUITests */ = {
			isa = PBXGroup;
			children = (
				65CF9B941BF14F4E0085B446 /* PowerRangersUITests.swift */,
				65CF9B961BF14F4E0085B446 /* Info.plist */,
			);
			path = PowerRangersUITests;
			sourceTree = "<group>";
		};
/* End PBXGroup section */

/* Begin PBXNativeTarget section */
		65CF9B6E1BF14F4E0085B446 /* PowerRangers */ = {
			isa = PBXNativeTarget;
			buildConfigurationList = 65CF9B991BF14F4E0085B446 /* Build configuration list for PBXNativeTarget "PowerRangers" */;
			buildPhases = (
				65CF9B6B1BF14F4E0085B446 /* Sources */,
				65CF9B6C1BF14F4E0085B446 /* Frameworks */,
				65CF9B6D1BF14F4E0085B446 /* Resources */,
			);
			buildRules = (
			);
			dependencies = (
			);
			name = PowerRangers;
			productName = PowerRangers;
			productReference = 65CF9B6F1BF14F4E0085B446 /* PowerRangers.app */;
			productType = "com.apple.product-type.application";
		};
		65CF9B841BF14F4E0085B446 /* PowerRangersTests */ = {
			isa = PBXNativeTarget;
			buildConfigurationList = 65CF9B9C1BF14F4E0085B446 /* Build configuration list for PBXNativeTarget "PowerRangersTests" */;
			buildPhases = (
				65CF9B811BF14F4E0085B446 /* Sources */,
				65CF9B821BF14F4E0085B446 /* Frameworks */,
				65CF9B831BF14F4E0085B446 /* Resources */,
			);
			buildRules = (
			);
			dependencies = (
				65CF9B871BF14F4E0085B446 /* PBXTargetDependency */,
			);
			name = PowerRangersTests;
			productName = PowerRangersTests;
			productReference = 65CF9B851BF14F4E0085B446 /* PowerRangersTests.xctest */;
			productType = "com.apple.product-type.bundle.unit-test";
		};
		65CF9B8F1BF14F4E0085B446 /* PowerRangersUITests */ = {
			isa = PBXNativeTarget;
			buildConfigurationList = 65CF9B9F1BF14F4E0085B446 /* Build configuration list for PBXNativeTarget "PowerRangersUITests" */;
			buildPhases = (
				65CF9B8C1BF14F4E0085B446 /* Sources */,
				65CF9B8D1BF14F4E0085B446 /* Frameworks */,
				65CF9B8E1BF14F4E0085B446 /* Resources */,
			);
			buildRules = (
			);
			dependencies = (
				65CF9B921BF14F4E0085B446 /* PBXTargetDependency */,
			);
			name = PowerRangersUITests;
			productName = PowerRangersUITests;
			productReference = 65CF9B901BF14F4E0085B446 /* PowerRangersUITests.xctest */;
			productType = "com.apple.product-type.bundle.ui-testing";
		};
/* End PBXNativeTarget section */

/* Begin PBXProject section */
		65CF9B671BF14F4E0085B446 /* Project object */ = {
			isa = PBXProject;
			attributes = {
				LastUpgradeCheck = 0700;
				ORGANIZATIONNAME = Tommy;
				TargetAttributes = {
					65CF9B6E1BF14F4E0085B446 = {
						CreatedOnToolsVersion = 7.0.1;
					};
					65CF9B841BF14F4E0085B446 = {
						CreatedOnToolsVersion = 7.0.1;
						TestTargetID = 65CF9B6E1BF14F4E0085B446;
					};
					65CF9B8F1BF14F4E0085B446 = {
						CreatedOnToolsVersion = 7.0.1;
						TestTargetID = 65CF9B6E1BF14F4E0085B446;
					};
				};
			};
			buildConfigurationList = 65CF9B6A1BF14F4E0085B446 /* Build configuration list for PBXProject "PowerRangers" */;
			compatibilityVersion = "Xcode 3.2";
			developmentRegion = English;
			hasScannedForEncodings = 0;
			knownRegions = (
				en,
				Base,
			);
			mainGroup = 65CF9B661BF14F4E0085B446;
			productRefGroup = 65CF9B701BF14F4E0085B446 /* Products */;
			projectDirPath = "";
			projectRoot = "";
			targets = (
				65CF9B6E1BF14F4E0085B446 /* PowerRangers */,
				65CF9B841BF14F4E0085B446 /* PowerRangersTests */,
				65CF9B8F1BF14F4E0085B446 /* PowerRangersUITests */,
			);
		};
/* End PBXProject section */

/* Begin PBXResourcesBuildPhase section */
		65CF9B6D1BF14F4E0085B446 /* Resources */ = {
			isa = PBXResourcesBuildPhase;
			buildActionMask = 2147483647;
			files = (
				65CF9B7F1BF14F4E0085B446 /* LaunchScreen.storyboard in Resources */,
				14D450591C0409DA002ECC4A /* Blp Profile Pictures in Resources */,
				65CF9B7C1BF14F4E0085B446 /* Assets.xcassets in Resources */,
				65CF9B7A1BF14F4E0085B446 /* Main.storyboard in Resources */,
			);
			runOnlyForDeploymentPostprocessing = 0;
		};
		65CF9B831BF14F4E0085B446 /* Resources */ = {
			isa = PBXResourcesBuildPhase;
			buildActionMask = 2147483647;
			files = (
			);
			runOnlyForDeploymentPostprocessing = 0;
		};
		65CF9B8E1BF14F4E0085B446 /* Resources */ = {
			isa = PBXResourcesBuildPhase;
			buildActionMask = 2147483647;
			files = (
			);
			runOnlyForDeploymentPostprocessing = 0;
		};
/* End PBXResourcesBuildPhase section */

/* Begin PBXSourcesBuildPhase section */
		65CF9B6B1BF14F4E0085B446 /* Sources */ = {
			isa = PBXSourcesBuildPhase;
			buildActionMask = 2147483647;
			files = (
				35A8EAD11C16542B0082AC17 /* PickerViewContainer.swift in Sources */,
				14C68C281C03C133001A8D5C /* editMyHousing.swift in Sources */,
				141373741BFFBA9A00678C5F /* BlpTableViewCell.swift in Sources */,
				35E45A6E1C15E64500B64D50 /* BlpArrayManager.swift in Sources */,
				65CF9B771BF14F4E0085B446 /* viewSpecificBlp.swift in Sources */,
				14C68C261C03C00C001A8D5C /* SurveyViewController.swift in Sources */,
				14D450531C03EE0D002ECC4A /* viewMyHousingProfile.swift in Sources */,
				35F7587B1C173BE3006701DE /* UIColor+Synchrony.swift in Sources */,
				1491098D1C0CAB6F00511526 /* HousingUser.swift in Sources */,
				141373721BFFB7DB00678C5F /* BlpUser.swift in Sources */,
				35A8EAD51C1693280082AC17 /* AnswerView.swift in Sources */,
				141373761BFFBCB900678C5F /* BlpTableViewController.swift in Sources */,
				35A8EAD31C168D900082AC17 /* FAQCell.swift in Sources */,
				DB8A9B8C1C041AA2008E0B66 /* editMyProfile.swift in Sources */,
				1491098F1C0CADD100511526 /* BlpHousingViewController.swift in Sources */,
				144C1CE21BFBDC180006D509 /* DataManager.swift in Sources */,
				140E3E121C161B0900B1DDE9 /* BlpHousingArrayManager.swift in Sources */,
				65CF9B731BF14F4E0085B446 /* AppDelegate.swift in Sources */,
				96DD10F61C04025E009A35FE /* ViewMyProfile.swift in Sources */,
				14EC53161C1750FC00473ADE /* SaveInformation.swift in Sources */,
				65CF9B751BF14F4E0085B446 /* FAQViewController.swift in Sources */,
			);
			runOnlyForDeploymentPostprocessing = 0;
		};
		65CF9B811BF14F4E0085B446 /* Sources */ = {
			isa = PBXSourcesBuildPhase;
			buildActionMask = 2147483647;
			files = (
				65CF9B8A1BF14F4E0085B446 /* PowerRangersTests.swift in Sources */,
			);
			runOnlyForDeploymentPostprocessing = 0;
		};
		65CF9B8C1BF14F4E0085B446 /* Sources */ = {
			isa = PBXSourcesBuildPhase;
			buildActionMask = 2147483647;
			files = (
				65CF9B951BF14F4E0085B446 /* PowerRangersUITests.swift in Sources */,
			);
			runOnlyForDeploymentPostprocessing = 0;
		};
/* End PBXSourcesBuildPhase section */

/* Begin PBXTargetDependency section */
		65CF9B871BF14F4E0085B446 /* PBXTargetDependency */ = {
			isa = PBXTargetDependency;
			target = 65CF9B6E1BF14F4E0085B446 /* PowerRangers */;
			targetProxy = 65CF9B861BF14F4E0085B446 /* PBXContainerItemProxy */;
		};
		65CF9B921BF14F4E0085B446 /* PBXTargetDependency */ = {
			isa = PBXTargetDependency;
			target = 65CF9B6E1BF14F4E0085B446 /* PowerRangers */;
			targetProxy = 65CF9B911BF14F4E0085B446 /* PBXContainerItemProxy */;
		};
/* End PBXTargetDependency section */

/* Begin PBXVariantGroup section */
		65CF9B781BF14F4E0085B446 /* Main.storyboard */ = {
			isa = PBXVariantGroup;
			children = (
				65CF9B791BF14F4E0085B446 /* Base */,
			);
			name = Main.storyboard;
			sourceTree = "<group>";
		};
		65CF9B7D1BF14F4E0085B446 /* LaunchScreen.storyboard */ = {
			isa = PBXVariantGroup;
			children = (
				65CF9B7E1BF14F4E0085B446 /* Base */,
			);
			name = LaunchScreen.storyboard;
			sourceTree = "<group>";
		};
/* End PBXVariantGroup section */

/* Begin XCBuildConfiguration section */
		65CF9B971BF14F4E0085B446 /* Debug */ = {
			isa = XCBuildConfiguration;
			buildSettings = {
				ALWAYS_SEARCH_USER_PATHS = NO;
				CLANG_CXX_LANGUAGE_STANDARD = "gnu++0x";
				CLANG_CXX_LIBRARY = "libc++";
				CLANG_ENABLE_MODULES = YES;
				CLANG_ENABLE_OBJC_ARC = YES;
				CLANG_WARN_BOOL_CONVERSION = YES;
				CLANG_WARN_CONSTANT_CONVERSION = YES;
				CLANG_WARN_DIRECT_OBJC_ISA_USAGE = YES_ERROR;
				CLANG_WARN_EMPTY_BODY = YES;
				CLANG_WARN_ENUM_CONVERSION = YES;
				CLANG_WARN_INT_CONVERSION = YES;
				CLANG_WARN_OBJC_ROOT_CLASS = YES_ERROR;
				CLANG_WARN_UNREACHABLE_CODE = YES;
				CLANG_WARN__DUPLICATE_METHOD_MATCH = YES;
				"CODE_SIGN_IDENTITY[sdk=iphoneos*]" = "iPhone Developer";
				COPY_PHASE_STRIP = NO;
				DEBUG_INFORMATION_FORMAT = dwarf;
				ENABLE_STRICT_OBJC_MSGSEND = YES;
				ENABLE_TESTABILITY = YES;
				GCC_C_LANGUAGE_STANDARD = gnu99;
				GCC_DYNAMIC_NO_PIC = NO;
				GCC_NO_COMMON_BLOCKS = YES;
				GCC_OPTIMIZATION_LEVEL = 0;
				GCC_PREPROCESSOR_DEFINITIONS = (
					"DEBUG=1",
					"$(inherited)",
				);
				GCC_WARN_64_TO_32_BIT_CONVERSION = YES;
				GCC_WARN_ABOUT_RETURN_TYPE = YES_ERROR;
				GCC_WARN_UNDECLARED_SELECTOR = YES;
				GCC_WARN_UNINITIALIZED_AUTOS = YES_AGGRESSIVE;
				GCC_WARN_UNUSED_FUNCTION = YES;
				GCC_WARN_UNUSED_VARIABLE = YES;
				IPHONEOS_DEPLOYMENT_TARGET = 9.0;
				MTL_ENABLE_DEBUG_INFO = YES;
				ONLY_ACTIVE_ARCH = YES;
				SDKROOT = iphoneos;
				SWIFT_OPTIMIZATION_LEVEL = "-Onone";
				TARGETED_DEVICE_FAMILY = "1,2";
			};
			name = Debug;
		};
		65CF9B981BF14F4E0085B446 /* Release */ = {
			isa = XCBuildConfiguration;
			buildSettings = {
				ALWAYS_SEARCH_USER_PATHS = NO;
				CLANG_CXX_LANGUAGE_STANDARD = "gnu++0x";
				CLANG_CXX_LIBRARY = "libc++";
				CLANG_ENABLE_MODULES = YES;
				CLANG_ENABLE_OBJC_ARC = YES;
				CLANG_WARN_BOOL_CONVERSION = YES;
				CLANG_WARN_CONSTANT_CONVERSION = YES;
				CLANG_WARN_DIRECT_OBJC_ISA_USAGE = YES_ERROR;
				CLANG_WARN_EMPTY_BODY = YES;
				CLANG_WARN_ENUM_CONVERSION = YES;
				CLANG_WARN_INT_CONVERSION = YES;
				CLANG_WARN_OBJC_ROOT_CLASS = YES_ERROR;
				CLANG_WARN_UNREACHABLE_CODE = YES;
				CLANG_WARN__DUPLICATE_METHOD_MATCH = YES;
				"CODE_SIGN_IDENTITY[sdk=iphoneos*]" = "iPhone Developer";
				COPY_PHASE_STRIP = NO;
				DEBUG_INFORMATION_FORMAT = "dwarf-with-dsym";
				ENABLE_NS_ASSERTIONS = NO;
				ENABLE_STRICT_OBJC_MSGSEND = YES;
				GCC_C_LANGUAGE_STANDARD = gnu99;
				GCC_NO_COMMON_BLOCKS = YES;
				GCC_WARN_64_TO_32_BIT_CONVERSION = YES;
				GCC_WARN_ABOUT_RETURN_TYPE = YES_ERROR;
				GCC_WARN_UNDECLARED_SELECTOR = YES;
				GCC_WARN_UNINITIALIZED_AUTOS = YES_AGGRESSIVE;
				GCC_WARN_UNUSED_FUNCTION = YES;
				GCC_WARN_UNUSED_VARIABLE = YES;
				IPHONEOS_DEPLOYMENT_TARGET = 9.0;
				MTL_ENABLE_DEBUG_INFO = NO;
				SDKROOT = iphoneos;
				TARGETED_DEVICE_FAMILY = "1,2";
				VALIDATE_PRODUCT = YES;
			};
			name = Release;
		};
		65CF9B9A1BF14F4E0085B446 /* Debug */ = {
			isa = XCBuildConfiguration;
			buildSettings = {
				ASSETCATALOG_COMPILER_APPICON_NAME = AppIcon;
				FRAMEWORK_SEARCH_PATHS = (
					"$(inherited)",
					"$(PROJECT_DIR)/PowerRangersTests",
				);
				INFOPLIST_FILE = PowerRangers/Info.plist;
				LD_RUNPATH_SEARCH_PATHS = "$(inherited) @executable_path/Frameworks";
				PRODUCT_BUNDLE_IDENTIFIER = com.stephen.PowerRangers;
				PRODUCT_NAME = "$(TARGET_NAME)";
			};
			name = Debug;
		};
		65CF9B9B1BF14F4E0085B446 /* Release */ = {
			isa = XCBuildConfiguration;
			buildSettings = {
				ASSETCATALOG_COMPILER_APPICON_NAME = AppIcon;
				FRAMEWORK_SEARCH_PATHS = (
					"$(inherited)",
					"$(PROJECT_DIR)/PowerRangersTests",
				);
				INFOPLIST_FILE = PowerRangers/Info.plist;
				LD_RUNPATH_SEARCH_PATHS = "$(inherited) @executable_path/Frameworks";
				PRODUCT_BUNDLE_IDENTIFIER = com.stephen.PowerRangers;
				PRODUCT_NAME = "$(TARGET_NAME)";
			};
			name = Release;
		};
		65CF9B9D1BF14F4E0085B446 /* Debug */ = {
			isa = XCBuildConfiguration;
			buildSettings = {
				BUNDLE_LOADER = "$(TEST_HOST)";
				INFOPLIST_FILE = PowerRangersTests/Info.plist;
				LD_RUNPATH_SEARCH_PATHS = "$(inherited) @executable_path/Frameworks @loader_path/Frameworks";
				PRODUCT_BUNDLE_IDENTIFIER = com.stephen.PowerRangersTests;
				PRODUCT_NAME = "$(TARGET_NAME)";
				TEST_HOST = "$(BUILT_PRODUCTS_DIR)/PowerRangers.app/PowerRangers";
			};
			name = Debug;
		};
		65CF9B9E1BF14F4E0085B446 /* Release */ = {
			isa = XCBuildConfiguration;
			buildSettings = {
				BUNDLE_LOADER = "$(TEST_HOST)";
				INFOPLIST_FILE = PowerRangersTests/Info.plist;
				LD_RUNPATH_SEARCH_PATHS = "$(inherited) @executable_path/Frameworks @loader_path/Frameworks";
				PRODUCT_BUNDLE_IDENTIFIER = com.stephen.PowerRangersTests;
				PRODUCT_NAME = "$(TARGET_NAME)";
				TEST_HOST = "$(BUILT_PRODUCTS_DIR)/PowerRangers.app/PowerRangers";
			};
			name = Release;
		};
		65CF9BA01BF14F4E0085B446 /* Debug */ = {
			isa = XCBuildConfiguration;
			buildSettings = {
				INFOPLIST_FILE = PowerRangersUITests/Info.plist;
				LD_RUNPATH_SEARCH_PATHS = "$(inherited) @executable_path/Frameworks @loader_path/Frameworks";
				PRODUCT_BUNDLE_IDENTIFIER = com.stephen.PowerRangersUITests;
				PRODUCT_NAME = "$(TARGET_NAME)";
				TEST_TARGET_NAME = PowerRangers;
				USES_XCTRUNNER = YES;
			};
			name = Debug;
		};
		65CF9BA11BF14F4E0085B446 /* Release */ = {
			isa = XCBuildConfiguration;
			buildSettings = {
				INFOPLIST_FILE = PowerRangersUITests/Info.plist;
				LD_RUNPATH_SEARCH_PATHS = "$(inherited) @executable_path/Frameworks @loader_path/Frameworks";
				PRODUCT_BUNDLE_IDENTIFIER = com.stephen.PowerRangersUITests;
				PRODUCT_NAME = "$(TARGET_NAME)";
				TEST_TARGET_NAME = PowerRangers;
				USES_XCTRUNNER = YES;
			};
			name = Release;
		};
/* End XCBuildConfiguration section */

/* Begin XCConfigurationList section */
		65CF9B6A1BF14F4E0085B446 /* Build configuration list for PBXProject "PowerRangers" */ = {
			isa = XCConfigurationList;
			buildConfigurations = (
				65CF9B971BF14F4E0085B446 /* Debug */,
				65CF9B981BF14F4E0085B446 /* Release */,
			);
			defaultConfigurationIsVisible = 0;
			defaultConfigurationName = Release;
		};
		65CF9B991BF14F4E0085B446 /* Build configuration list for PBXNativeTarget "PowerRangers" */ = {
			isa = XCConfigurationList;
			buildConfigurations = (
				65CF9B9A1BF14F4E0085B446 /* Debug */,
				65CF9B9B1BF14F4E0085B446 /* Release */,
			);
			defaultConfigurationIsVisible = 0;
			defaultConfigurationName = Release;
		};
		65CF9B9C1BF14F4E0085B446 /* Build configuration list for PBXNativeTarget "PowerRangersTests" */ = {
			isa = XCConfigurationList;
			buildConfigurations = (
				65CF9B9D1BF14F4E0085B446 /* Debug */,
				65CF9B9E1BF14F4E0085B446 /* Release */,
			);
			defaultConfigurationIsVisible = 0;
			defaultConfigurationName = Release;
		};
		65CF9B9F1BF14F4E0085B446 /* Build configuration list for PBXNativeTarget "PowerRangersUITests" */ = {
			isa = XCConfigurationList;
			buildConfigurations = (
				65CF9BA01BF14F4E0085B446 /* Debug */,
				65CF9BA11BF14F4E0085B446 /* Release */,
			);
			defaultConfigurationIsVisible = 0;
			defaultConfigurationName = Release;
		};
/* End XCConfigurationList section */
	};
	rootObject = 65CF9B671BF14F4E0085B446 /* Project object */;
}
